
Microsoft Visual Studio Solution File, Format Version 12.00
# Visual Studio Version 17
VisualStudioVersion = 17.2.32630.192
MinimumVisualStudioVersion = 10.0.40219.1
Project("{8BC9CEB8-8B4A-11D0-8D11-00A0C91BC942}") = "PE5 - Playing with Windows", "PE5 - Playing with Windows\PE5 - Playing with Windows.vcxproj", "{D9A9C761-321F-44B4-992E-0DB6EE2DC235}"
EndProject
Global
	GlobalSection(SolutionConfigurationPlatforms) = preSolution
		Debug|x64 = Debug|x64
		Debug|x86 = Debug|x86
		Release|x64 = Release|x64
		Release|x86 = Release|x86
	EndGlobalSection
	GlobalSection(ProjectConfigurationPlatforms) = postSolution
		{D9A9C761-321F-44B4-992E-0DB6EE2DC235}.Debug|x64.ActiveCfg = Debug|x64
		{D9A9C761-321F-44B4-992E-0DB6EE2DC235}.Debug|x64.Build.0 = Debug|x64
		{D9A9C761-321F-44B4-992E-0DB6EE2DC235}.Debug|x86.ActiveCfg = Debug|Win32
		{D9A9C761-321F-44B4-992E-0DB6EE2DC235}.Debug|x86.Build.0 = Debug|Win32
		{D9A9C761-321F-44B4-992E-0DB6EE2DC235}.Release|x64.ActiveCfg = Release|x64
		{D9A9C761-321F-44B4-992E-0DB6EE2DC235}.Release|x64.Build.0 = Release|x64
		{D9A9C761-321F-44B4-992E-0DB6EE2DC235}.Release|x86.ActiveCfg = Release|Win32
		{D9A9C761-321F-44B4-992E-0DB6EE2DC235}.Release|x86.Build.0 = Release|Win32
	EndGlobalSection
	GlobalSection(SolutionProperties) = preSolution
		HideSolutionNode = FALSE
	EndGlobalSection
	GlobalSection(ExtensibilityGlobals) = postSolution
		SolutionGuid = {F3C8C4F1-C228-4CB6-85F0-53BD4B18B2DA}
	EndGlobalSection
EndGlobal
